
Microsoft Visual Studio Solution File, Format Version 12.00
Project("{FAE04EC0-301F-11D3-BF4B-00C04F79EFBC}") = "POO_II_NP2_WinForms", "POO_II_NP2_WinForms.csproj", "{FE78F4A6-1D24-462A-B736-1A1D6FE56E42}"
EndProject
Global
	GlobalSection(SolutionConfigurationPlatforms) = preSolution
		Debug|Any CPU = Debug|Any CPU
		Release|Any CPU = Release|Any CPU
	EndGlobalSection
	GlobalSection(ProjectConfigurationPlatforms) = postSolution
		{FE78F4A6-1D24-462A-B736-1A1D6FE56E42}.Debug|Any CPU.ActiveCfg = Debug|Any CPU
		{FE78F4A6-1D24-462A-B736-1A1D6FE56E42}.Debug|Any CPU.Build.0 = Debug|Any CPU
		{FE78F4A6-1D24-462A-B736-1A1D6FE56E42}.Release|Any CPU.ActiveCfg = Release|Any CPU
		{FE78F4A6-1D24-462A-B736-1A1D6FE56E42}.Release|Any CPU.Build.0 = Release|Any CPU
	EndGlobalSection
EndGlobal
